lockfileVersion: '9.0'

settings:
  autoInstallPeers: true
  excludeLinksFromLockfile: false

importers:

  .:
    devDependencies:
      '@schema-pathfinder/core':
        specifier: workspace:*
        version: link:packages/core

  apps/web: {}

  packages/contracts: {}

  packages/core:
    dependencies:
      '@dagrejs/graphlib':
        specifier: 4.0.1
        version: 4.0.1
      '@schema-pathfinder/contracts':
        specifier: workspace:*
        version: link:../contracts
      zod:
        specifier: 4.4.3
        version: 4.4.3

packages:

  '@dagrejs/graphlib@4.0.1':
    resolution: {integrity: sha512-IvcV6FduIIAmLwnH+yun+QtV36SC7mERqa86aClNqmMN09WhmPPYU8ckHrZBozErf+UvHPWOTJYaGYiIcs0DgA==}

  zod@4.4.3:
    resolution: {integrity: sha512-ytENFjIJFl2UwYglde2jchW2Hwm4GJFLDiSXWdTrJQBIN9Fcyp7n4DhxJEiWNAJMV1/BqWfW/kkg71UDcHJyTQ==}

snapshots:

  '@dagrejs/graphlib@4.0.1': {}

  zod@4.4.3: {}
